
Microsoft Visual Studio Solution File, Format Version 12.00
# Visual Studio Version 17
VisualStudioVersion = 17.5.33530.505
MinimumVisualStudioVersion = 10.0.40219.1
Project("{FAE04EC0-301F-11D3-BF4B-00C04F79EFBC}") = "Evaluation Manager", "Evaluation Manager\Evaluation Manager.csproj", "{8A670130-154B-485D-AC4E-8C1023EC8A3A}"
EndProject
Global
	GlobalSection(SolutionConfigurationPlatforms) = preSolution
		Debug|Any CPU = Debug|Any CPU
		Release|Any CPU = Release|Any CPU
	EndGlobalSection
	GlobalSection(ProjectConfigurationPlatforms) = postSolution
		{8A670130-154B-485D-AC4E-8C1023EC8A3A}.Debug|Any CPU.ActiveCfg = Debug|Any CPU
		{8A670130-154B-485D-AC4E-8C1023EC8A3A}.Debug|Any CPU.Build.0 = Debug|Any CPU
		{8A670130-154B-485D-AC4E-8C1023EC8A3A}.Release|Any CPU.ActiveCfg = Release|Any CPU
		{8A670130-154B-485D-AC4E-8C1023EC8A3A}.Release|Any CPU.Build.0 = Release|Any CPU
	EndGlobalSection
	GlobalSection(SolutionProperties) = preSolution
		HideSolutionNode = FALSE
	EndGlobalSection
	GlobalSection(ExtensibilityGlobals) = postSolution
		SolutionGuid = {F6718584-051C-4EDB-AC02-E32E9807432D}
	EndGlobalSection
EndGlobal
